// !$*UTF8*$!
{
	archiveVersion = 1;
	classes = {
	};
	objectVersion = 46;
	objects = {

/* Begin PBXBuildFile section */
		D80244B91DD7BBEA00D9EE58 /* AppDelegate.swift in Sources */ = {isa = PBXBuildFile; fileRef = D80244B81DD7BBEA00D9EE58 /* AppDelegate.swift */; };
		D80244BB1DD7BBEA00D9EE58 /* MainViewController.swift in Sources */ = {isa = PBXBuildFile; fileRef = D80244BA1DD7BBEA00D9EE58 /* MainViewController.swift */; };
		D80244BE1DD7BBEA00D9EE58 /* Main.storyboard in Resources */ = {isa = PBXBuildFile; fileRef = D80244BC1DD7BBEA00D9EE58 /* Main.storyboard */; };
		D80244C01DD7BBEA00D9EE58 /* Assets.xcassets in Resources */ = {isa = PBXBuildFile; fileRef = D80244BF1DD7BBEA00D9EE58 /* Assets.xcassets */; };
		D80244CB1DD7BBEA00D9EE58 /* TVBuildMonitorTests.swift in Sources */ = {isa = PBXBuildFile; fileRef = D80244CA1DD7BBEA00D9EE58 /* TVBuildMonitorTests.swift */; };
		D80244D61DD7BBEA00D9EE58 /* TVBuildMonitorUITests.swift in Sources */ = {isa = PBXBuildFile; fileRef = D80244D51DD7BBEA00D9EE58 /* TVBuildMonitorUITests.swift */; };
/* End PBXBuildFile section */

/* Begin PBXContainerItemProxy section */
		D80244C71DD7BBEA00D9EE58 /* PBXContainerItemProxy */ = {
			isa = PBXContainerItemProxy;
			containerPortal = D80244AD1DD7BBEA00D9EE58 /* Project object */;
			proxyType = 1;
			remoteGlobalIDString = D80244B41DD7BBEA00D9EE58;
			remoteInfo = TVBuildMonitor;
		};
		D80244D21DD7BBEA00D9EE58 /* PBXContainerItemProxy */ = {
			isa = PBXContainerItemProxy;
			containerPortal = D80244AD1DD7BBEA00D9EE58 /* Project object */;
			proxyType = 1;
			remoteGlobalIDString = D80244B41DD7BBEA00D9EE58;
			remoteInfo = TVBuildMonitor;
		};
/* End PBXContainerItemProxy section */

/* Begin PBXFileReference section */
		D80244B51DD7BBEA00D9EE58 /* TVBuildMonitor.app */ = {isa = PBXFileReference; explicitFileType = wrapper.application; includeInIndex = 0; path = TVBuildMonitor.app; sourceTree = BUILT_PRODUCTS_DIR; };
		D80244B81DD7BBEA00D9EE58 /* AppDelegate.swift */ = {isa = PBXFileReference; lastKnownFileType = sourcecode.swift; path = AppDelegate.swift; sourceTree = "<group>"; };
		D80244BA1DD7BBEA00D9EE58 /* MainViewController.swift */ = {isa = PBXFileReference; lastKnownFileType = sourcecode.swift; path = MainViewController.swift; sourceTree = "<group>"; };
		D80244BD1DD7BBEA00D9EE58 /* Base */ = {isa = PBXFileReference; lastKnownFileType = file.storyboard; name = Base; path = Base.lproj/Main.storyboard; sourceTree = "<group>"; };
		D80244BF1DD7BBEA00D9EE58 /* Assets.xcassets */ = {isa = PBXFileReference; lastKnownFileType = folder.assetcatalog; path = Assets.xcassets; sourceTree = "<group>"; };
		D80244C11DD7BBEA00D9EE58 /* Info.plist */ = {isa = PBXFileReference; lastKnownFileType = text.plist.xml; path = Info.plist; sourceTree = "<group>"; };
		D80244C61DD7BBEA00D9EE58 /* TVBuildMonitorTests.xctest */ = {isa = PBXFileReference; explicitFileType = wrapper.cfbundle; includeInIndex = 0; path = TVBuildMonitorTests.xctest; sourceTree = BUILT_PRODUCTS_DIR; };
		D80244CA1DD7BBEA00D9EE58 /* TVBuildMonitorTests.swift */ = {isa = PBXFileReference; lastKnownFileType = sourcecode.swift; path = TVBuildMonitorTests.swift; sourceTree = "<group>"; };
		D80244CC1DD7BBEA00D9EE58 /* Info.plist */ = {isa = PBXFileReference; lastKnownFileType = text.plist.xml; path = Info.plist; sourceTree = "<group>"; };
		D80244D11DD7BBEA00D9EE58 /* TVBuildMonitorUITests.xctest */ = {isa = PBXFileReference; explicitFileType = wrapper.cfbundle; includeInIndex = 0; path = TVBuildMonitorUITests.xctest; sourceTree = BUILT_PRODUCTS_DIR; };
		D80244D51DD7BBEA00D9EE58 /* TVBuildMonitorUITests.swift */ = {isa = PBXFileReference; lastKnownFileType = sourcecode.swift; path = TVBuildMonitorUITests.swift; sourceTree = "<group>"; };
		D80244D71DD7BBEA00D9EE58 /* Info.plist */ = {isa = PBXFileReference; lastKnownFileType = text.plist.xml; path = Info.plist; sourceTree = "<group>"; };
/* End PBXFileReference section */

/* Begin PBXFrameworksBuildPhase section */
		D80244B21DD7BBEA00D9EE58 /* Frameworks */ = {
			isa = PBXFrameworksBuildPhase;
			buildActionMask = 2147483647;
			files = (
			);
			runOnlyForDeploymentPostprocessing = 0;
		};
		D80244C31DD7BBEA00D9EE58 /* Frameworks */ = {
			isa = PBXFrameworksBuildPhase;
			buildActionMask = 2147483647;
			files = (
			);
			runOnlyForDeploymentPostprocessing = 0;
		};
		D80244CE1DD7BBEA00D9EE58 /* Frameworks */ = {
			isa = PBXFrameworksBuildPhase;
			buildActionMask = 2147483647;
			files = (
			);
			runOnlyForDeploymentPostprocessing = 0;
		};
/* End PBXFrameworksBuildPhase section */

/* Begin PBXGroup section */
		D80244AC1DD7BBEA00D9EE58 = {
			isa = PBXGroup;
			children = (
				D80244B71DD7BBEA00D9EE58 /* TVBuildMonitor */,
				D80244C91DD7BBEA00D9EE58 /* TVBuildMonitorTests */,
				D80244D41DD7BBEA00D9EE58 /* TVBuildMonitorUITests */,
				D80244B61DD7BBEA00D9EE58 /* Products */,
			);
			sourceTree = "<group>";
		};
		D80244B61DD7BBEA00D9EE58 /* Products */ = {
			isa = PBXGroup;
			children = (
				D80244B51DD7BBEA00D9EE58 /* TVBuildMonitor.app */,
				D80244C61DD7BBEA00D9EE58 /* TVBuildMonitorTests.xctest */,
				D80244D11DD7BBEA00D9EE58 /* TVBuildMonitorUITests.xctest */,
			);
			name = Products;
			sourceTree = "<group>";
		};
		D80244B71DD7BBEA00D9EE58 /* TVBuildMonitor */ = {
			isa = PBXGroup;
			children = (
				D80244B81DD7BBEA00D9EE58 /* AppDelegate.swift */,
				D80244BA1DD7BBEA00D9EE58 /* MainViewController.swift */,
				D80244BC1DD7BBEA00D9EE58 /* Main.storyboard */,
				D80244BF1DD7BBEA00D9EE58 /* Assets.xcassets */,
				D80244C11DD7BBEA00D9EE58 /* Info.plist */,
			);
			path = TVBuildMonitor;
			sourceTree = "<group>";
		};
		D80244C91DD7BBEA00D9EE58 /* TVBuildMonitorTests */ = {
			isa = PBXGroup;
			children = (
				D80244CA1DD7BBEA00D9EE58 /* TVBuildMonitorTests.swift */,
				D80244CC1DD7BBEA00D9EE58 /* Info.plist */,
			);
			path = TVBuildMonitorTests;
			sourceTree = "<group>";
		};
		D80244D41DD7BBEA00D9EE58 /* TVBuildMonitorUITests */ = {
			isa = PBXGroup;
			children = (
				D80244D51DD7BBEA00D9EE58 /* TVBuildMonitorUITests.swift */,
				D80244D71DD7BBEA00D9EE58 /* Info.plist */,
			);
			path = TVBuildMonitorUITests;
			sourceTree = "<group>";
		};
/* End PBXGroup section */

/* Begin PBXNativeTarget section */
		D80244B41DD7BBEA00D9EE58 /* TVBuildMonitor */ = {
			isa = PBXNativeTarget;
			buildConfigurationList = D80244DA1DD7BBEA00D9EE58 /* Build configuration list for PBXNativeTarget "TVBuildMonitor" */;
			buildPhases = (
				D80244B11DD7BBEA00D9EE58 /* Sources */,
				D80244B21DD7BBEA00D9EE58 /* Frameworks */,
				D80244B31DD7BBEA00D9EE58 /* Resources */,
			);
			buildRules = (
			);
			dependencies = (
			);
			name = TVBuildMonitor;
			productName = TVBuildMonitor;
			productReference = D80244B51DD7BBEA00D9EE58 /* TVBuildMonitor.app */;
			productType = "com.apple.product-type.application";
		};
		D80244C51DD7BBEA00D9EE58 /* TVBuildMonitorTests */ = {
			isa = PBXNativeTarget;
			buildConfigurationList = D80244DD1DD7BBEA00D9EE58 /* Build configuration list for PBXNativeTarget "TVBuildMonitorTests" */;
			buildPhases = (
				D80244C21DD7BBEA00D9EE58 /* Sources */,
				D80244C31DD7BBEA00D9EE58 /* Frameworks */,
				D80244C41DD7BBEA00D9EE58 /* Resources */,
			);
			buildRules = (
			);
			dependencies = (
				D80244C81DD7BBEA00D9EE58 /* PBXTargetDependency */,
			);
			name = TVBuildMonitorTests;
			productName = TVBuildMonitorTests;
			productReference = D80244C61DD7BBEA00D9EE58 /* TVBuildMonitorTests.xctest */;
			productType = "com.apple.product-type.bundle.unit-test";
		};
		D80244D01DD7BBEA00D9EE58 /* TVBuildMonitorUITests */ = {
			isa = PBXNativeTarget;
			buildConfigurationList = D80244E01DD7BBEA00D9EE58 /* Build configuration list for PBXNativeTarget "TVBuildMonitorUITests" */;
			buildPhases = (
				D80244CD1DD7BBEA00D9EE58 /* Sources */,
				D80244CE1DD7BBEA00D9EE58 /* Frameworks */,
				D80244CF1DD7BBEA00D9EE58 /* Resources */,
			);
			buildRules = (
			);
			dependencies = (
				D80244D31DD7BBEA00D9EE58 /* PBXTargetDependency */,
			);
			name = TVBuildMonitorUITests;
			productName = TVBuildMonitorUITests;
			productReference = D80244D11DD7BBEA00D9EE58 /* TVBuildMonitorUITests.xctest */;
			productType = "com.apple.product-type.bundle.ui-testing";
		};
/* End PBXNativeTarget section */

/* Begin PBXProject section */
		D80244AD1DD7BBEA00D9EE58 /* Project object */ = {
			isa = PBXProject;
			attributes = {
				LastSwiftUpdateCheck = 0810;
				LastUpgradeCheck = 0810;
				ORGANIZATIONNAME = "Joe Sturzenegger";
				TargetAttributes = {
					D80244B41DD7BBEA00D9EE58 = {
						CreatedOnToolsVersion = 8.1;
						ProvisioningStyle = Automatic;
					};
					D80244C51DD7BBEA00D9EE58 = {
						CreatedOnToolsVersion = 8.1;
						ProvisioningStyle = Automatic;
						TestTargetID = D80244B41DD7BBEA00D9EE58;
					};
					D80244D01DD7BBEA00D9EE58 = {
						CreatedOnToolsVersion = 8.1;
						ProvisioningStyle = Automatic;
						TestTargetID = D80244B41DD7BBEA00D9EE58;
					};
				};
			};
			buildConfigurationList = D80244B01DD7BBEA00D9EE58 /* Build configuration list for PBXProject "TVBuildMonitor" */;
			compatibilityVersion = "Xcode 3.2";
			developmentRegion = English;
			hasScannedForEncodings = 0;
			knownRegions = (
				en,
				Base,
			);
			mainGroup = D80244AC1DD7BBEA00D9EE58;
			productRefGroup = D80244B61DD7BBEA00D9EE58 /* Products */;
			projectDirPath = "";
			projectRoot = "";
			targets = (
				D80244B41DD7BBEA00D9EE58 /* TVBuildMonitor */,
				D80244C51DD7BBEA00D9EE58 /* TVBuildMonitorTests */,
				D80244D01DD7BBEA00D9EE58 /* TVBuildMonitorUITests */,
			);
		};
/* End PBXProject section */

/* Begin PBXResourcesBuildPhase section */
		D80244B31DD7BBEA00D9EE58 /* Resources */ = {
			isa = PBXResourcesBuildPhase;
			buildActionMask = 2147483647;
			files = (
				D80244C01DD7BBEA00D9EE58 /* Assets.xcassets in Resources */,
				D80244BE1DD7BBEA00D9EE58 /* Main.storyboard in Resources */,
			);
			runOnlyForDeploymentPostprocessing = 0;
		};
		D80244C41DD7BBEA00D9EE58 /* Resources */ = {
			isa = PBXResourcesBuildPhase;
			buildActionMask = 2147483647;
			files = (
			);
			runOnlyForDeploymentPostprocessing = 0;
		};
		D80244CF1DD7BBEA00D9EE58 /* Resources */ = {
			isa = PBXResourcesBuildPhase;
			buildActionMask = 2147483647;
			files = (
			);
			runOnlyForDeploymentPostprocessing = 0;
		};
/* End PBXResourcesBuildPhase section */

/* Begin PBXSourcesBuildPhase section */
		D80244B11DD7BBEA00D9EE58 /* Sources */ = {
			isa = PBXSourcesBuildPhase;
			buildActionMask = 2147483647;
			files = (
				D80244BB1DD7BBEA00D9EE58 /* MainViewController.swift in Sources */,
				D80244B91DD7BBEA00D9EE58 /* AppDelegate.swift in Sources */,
			);
			runOnlyForDeploymentPostprocessing = 0;
		};
		D80244C21DD7BBEA00D9EE58 /* Sources */ = {
			isa = PBXSourcesBuildPhase;
			buildActionMask = 2147483647;
			files = (
				D80244CB1DD7BBEA00D9EE58 /* TVBuildMonitorTests.swift in Sources */,
			);
			runOnlyForDeploymentPostprocessing = 0;
		};
		D80244CD1DD7BBEA00D9EE58 /* Sources */ = {
			isa = PBXSourcesBuildPhase;
			buildActionMask = 2147483647;
			files = (
				D80244D61DD7BBEA00D9EE58 /* TVBuildMonitorUITests.swift in Sources */,
			);
			runOnlyForDeploymentPostprocessing = 0;
		};
/* End PBXSourcesBuildPhase section */

/* Begin PBXTargetDependency section */
		D80244C81DD7BBEA00D9EE58 /* PBXTargetDependency */ = {
			isa = PBXTargetDependency;
			target = D80244B41DD7BBEA00D9EE58 /* TVBuildMonitor */;
			targetProxy = D80244C71DD7BBEA00D9EE58 /* PBXContainerItemProxy */;
		};
		D80244D31DD7BBEA00D9EE58 /* PBXTargetDependency */ = {
			isa = PBXTargetDependency;
			target = D80244B41DD7BBEA00D9EE58 /* TVBuildMonitor */;
			targetProxy = D80244D21DD7BBEA00D9EE58 /* PBXContainerItemProxy */;
		};
/* End PBXTargetDependency section */

/* Begin PBXVariantGroup section */
		D80244BC1DD7BBEA00D9EE58 /* Main.storyboard */ = {
			isa = PBXVariantGroup;
			children = (
				D80244BD1DD7BBEA00D9EE58 /* Base */,
			);
			name = Main.storyboard;
			sourceTree = "<group>";
		};
/* End PBXVariantGroup section */

/* Begin XCBuildConfiguration section */
		D80244D81DD7BBEA00D9EE58 /* Debug */ = {
			isa = XCBuildConfiguration;
			buildSettings = {
				ALWAYS_SEARCH_USER_PATHS = NO;
				CLANG_ANALYZER_NONNULL = YES;
				CLANG_CXX_LANGUAGE_STANDARD = "gnu++0x";
				CLANG_CXX_LIBRARY = "libc++";
				CLANG_ENABLE_MODULES = YES;
				CLANG_ENABLE_OBJC_ARC = YES;
				CLANG_WARN_BOOL_CONVERSION = YES;
				CLANG_WARN_CONSTANT_CONVERSION = YES;
				CLANG_WARN_DIRECT_OBJC_ISA_USAGE = YES_ERROR;
				CLANG_WARN_DOCUMENTATION_COMMENTS = YES;
				CLANG_WARN_EMPTY_BODY = YES;
				CLANG_WARN_ENUM_CONVERSION = YES;
				CLANG_WARN_INFINITE_RECURSION = YES;
				CLANG_WARN_INT_CONVERSION = YES;
				CLANG_WARN_OBJC_ROOT_CLASS = YES_ERROR;
				CLANG_WARN_SUSPICIOUS_MOVES = YES;
				CLANG_WARN_UNREACHABLE_CODE = YES;
				CLANG_WARN__DUPLICATE_METHOD_MATCH = YES;
				COPY_PHASE_STRIP = NO;
				DEBUG_INFORMATION_FORMAT = dwarf;
				ENABLE_STRICT_OBJC_MSGSEND = YES;
				ENABLE_TESTABILITY = YES;
				GCC_C_LANGUAGE_STANDARD = gnu99;
				GCC_DYNAMIC_NO_PIC = NO;
				GCC_NO_COMMON_BLOCKS = YES;
				GCC_OPTIMIZATION_LEVEL = 0;
				GCC_PREPROCESSOR_DEFINITIONS = (
					"DEBUG=1",
					"$(inherited)",
				);
				GCC_WARN_64_TO_32_BIT_CONVERSION = YES;
				GCC_WARN_ABOUT_RETURN_TYPE = YES_ERROR;
				GCC_WARN_UNDECLARED_SELECTOR = YES;
				GCC_WARN_UNINITIALIZED_AUTOS = YES_AGGRESSIVE;
				GCC_WARN_UNUSED_FUNCTION = YES;
				GCC_WARN_UNUSED_VARIABLE = YES;
				MTL_ENABLE_DEBUG_INFO = YES;
				ONLY_ACTIVE_ARCH = YES;
				SDKROOT = appletvos;
				SWIFT_ACTIVE_COMPILATION_CONDITIONS = DEBUG;
				SWIFT_OPTIMIZATION_LEVEL = "-Onone";
				TARGETED_DEVICE_FAMILY = 3;
				TVOS_DEPLOYMENT_TARGET = 10.0;
			};
			name = Debug;
		};
		D80244D91DD7BBEA00D9EE58 /* Release */ = {
			isa = XCBuildConfiguration;
			buildSettings = {
				ALWAYS_SEARCH_USER_PATHS = NO;
				CLANG_ANALYZER_NONNULL = YES;
				CLANG_CXX_LANGUAGE_STANDARD = "gnu++0x";
				CLANG_CXX_LIBRARY = "libc++";
				CLANG_ENABLE_MODULES = YES;
				CLANG_ENABLE_OBJC_ARC = YES;
				CLANG_WARN_BOOL_CONVERSION = YES;
				CLANG_WARN_CONSTANT_CONVERSION = YES;
				CLANG_WARN_DIRECT_OBJC_ISA_USAGE = YES_ERROR;
				CLANG_WARN_DOCUMENTATION_COMMENTS = YES;
				CLANG_WARN_EMPTY_BODY = YES;
				CLANG_WARN_ENUM_CONVERSION = YES;
				CLANG_WARN_INFINITE_RECURSION = YES;
				CLANG_WARN_INT_CONVERSION = YES;
				CLANG_WARN_OBJC_ROOT_CLASS = YES_ERROR;
				CLANG_WARN_SUSPICIOUS_MOVES = YES;
				CLANG_WARN_UNREACHABLE_CODE = YES;
				CLANG_WARN__DUPLICATE_METHOD_MATCH = YES;
				COPY_PHASE_STRIP = NO;
				DEBUG_INFORMATION_FORMAT = "dwarf-with-dsym";
				ENABLE_NS_ASSERTIONS = NO;
				ENABLE_STRICT_OBJC_MSGSEND = YES;
				GCC_C_LANGUAGE_STANDARD = gnu99;
				GCC_NO_COMMON_BLOCKS = YES;
				GCC_WARN_64_TO_32_BIT_CONVERSION = YES;
				GCC_WARN_ABOUT_RETURN_TYPE = YES_ERROR;
				GCC_WARN_UNDECLARED_SELECTOR = YES;
				GCC_WARN_UNINITIALIZED_AUTOS = YES_AGGRESSIVE;
				GCC_WARN_UNUSED_FUNCTION = YES;
				GCC_WARN_UNUSED_VARIABLE = YES;
				MTL_ENABLE_DEBUG_INFO = NO;
				SDKROOT = appletvos;
				SWIFT_OPTIMIZATION_LEVEL = "-Owholemodule";
				TARGETED_DEVICE_FAMILY = 3;
				TVOS_DEPLOYMENT_TARGET = 10.0;
				VALIDATE_PRODUCT = YES;
			};
			name = Release;
		};
		D80244DB1DD7BBEA00D9EE58 /* Debug */ = {
			isa = XCBuildConfiguration;
			buildSettings = {
				ASSETCATALOG_COMPILER_APPICON_NAME = "App Icon & Top Shelf Image";
				ASSETCATALOG_COMPILER_LAUNCHIMAGE_NAME = LaunchImage;
				INFOPLIST_FILE = TVBuildMonitor/Info.plist;
				LD_RUNPATH_SEARCH_PATHS = "$(inherited) @executable_path/Frameworks";
				PRODUCT_BUNDLE_IDENTIFIER = "Joe-Sturzenegger.TVBuildMonitor";
				PRODUCT_NAME = "$(TARGET_NAME)";
				SWIFT_VERSION = 3.0;
			};
			name = Debug;
		};
		D80244DC1DD7BBEA00D9EE58 /* Release */ = {
			isa = XCBuildConfiguration;
			buildSettings = {
				ASSETCATALOG_COMPILER_APPICON_NAME = "App Icon & Top Shelf Image";
				ASSETCATALOG_COMPILER_LAUNCHIMAGE_NAME = LaunchImage;
				INFOPLIST_FILE = TVBuildMonitor/Info.plist;
				LD_RUNPATH_SEARCH_PATHS = "$(inherited) @executable_path/Frameworks";
				PRODUCT_BUNDLE_IDENTIFIER = "Joe-Sturzenegger.TVBuildMonitor";
				PRODUCT_NAME = "$(TARGET_NAME)";
				SWIFT_VERSION = 3.0;
			};
			name = Release;
		};
		D80244DE1DD7BBEA00D9EE58 /* Debug */ = {
			isa = XCBuildConfiguration;
			buildSettings = {
				ALWAYS_EMBED_SWIFT_STANDARD_LIBRARIES = YES;
				BUNDLE_LOADER = "$(TEST_HOST)";
				INFOPLIST_FILE = TVBuildMonitorTests/Info.plist;
				LD_RUNPATH_SEARCH_PATHS = "$(inherited) @executable_path/Frameworks @loader_path/Frameworks";
				PRODUCT_BUNDLE_IDENTIFIER = "Joe-Sturzenegger.TVBuildMonitorTests";
				PRODUCT_NAME = "$(TARGET_NAME)";
				SWIFT_VERSION = 3.0;
				TEST_HOST = "$(BUILT_PRODUCTS_DIR)/TVBuildMonitor.app/TVBuildMonitor";
			};
			name = Debug;
		};
		D80244DF1DD7BBEA00D9EE58 /* Release */ = {
			isa = XCBuildConfiguration;
			buildSettings = {
				ALWAYS_EMBED_SWIFT_STANDARD_LIBRARIES = YES;
				BUNDLE_LOADER = "$(TEST_HOST)";
				INFOPLIST_FILE = TVBuildMonitorTests/Info.plist;
				LD_RUNPATH_SEARCH_PATHS = "$(inherited) @executable_path/Frameworks @loader_path/Frameworks";
				PRODUCT_BUNDLE_IDENTIFIER = "Joe-Sturzenegger.TVBuildMonitorTests";
				PRODUCT_NAME = "$(TARGET_NAME)";
				SWIFT_VERSION = 3.0;
				TEST_HOST = "$(BUILT_PRODUCTS_DIR)/TVBuildMonitor.app/TVBuildMonitor";
			};
			name = Release;
		};
		D80244E11DD7BBEA00D9EE58 /* Debug */ = {
			isa = XCBuildConfiguration;
			buildSettings = {
				ALWAYS_EMBED_SWIFT_STANDARD_LIBRARIES = YES;
				INFOPLIST_FILE = TVBuildMonitorUITests/Info.plist;
				LD_RUNPATH_SEARCH_PATHS = "$(inherited) @executable_path/Frameworks @loader_path/Frameworks";
				PRODUCT_BUNDLE_IDENTIFIER = "Joe-Sturzenegger.TVBuildMonitorUITests";
				PRODUCT_NAME = "$(TARGET_NAME)";
				SWIFT_VERSION = 3.0;
				TEST_TARGET_NAME = TVBuildMonitor;
			};
			name = Debug;
		};
		D80244E21DD7BBEA00D9EE58 /* Release */ = {
			isa = XCBuildConfiguration;
			buildSettings = {
				ALWAYS_EMBED_SWIFT_STANDARD_LIBRARIES = YES;
				INFOPLIST_FILE = TVBuildMonitorUITests/Info.plist;
				LD_RUNPATH_SEARCH_PATHS = "$(inherited) @executable_path/Frameworks @loader_path/Frameworks";
				PRODUCT_BUNDLE_IDENTIFIER = "Joe-Sturzenegger.TVBuildMonitorUITests";
				PRODUCT_NAME = "$(TARGET_NAME)";
				SWIFT_VERSION = 3.0;
				TEST_TARGET_NAME = TVBuildMonitor;
			};
			name = Release;
		};
/* End XCBuildConfiguration section */

/* Begin XCConfigurationList section */
		D80244B01DD7BBEA00D9EE58 /* Build configuration list for PBXProject "TVBuildMonitor" */ = {
			isa = XCConfigurationList;
			buildConfigurations = (
				D80244D81DD7BBEA00D9EE58 /* Debug */,
				D80244D91DD7BBEA00D9EE58 /* Release */,
			);
			defaultConfigurationIsVisible = 0;
			defaultConfigurationName = Release;
		};
		D80244DA1DD7BBEA00D9EE58 /* Build configuration list for PBXNativeTarget "TVBuildMonitor" */ = {
			isa = XCConfigurationList;
			buildConfigurations = (
				D80244DB1DD7BBEA00D9EE58 /* Debug */,
				D80244DC1DD7BBEA00D9EE58 /* Release */,
			);
			defaultConfigurationIsVisible = 0;
			defaultConfigurationName = Release;
		};
		D80244DD1DD7BBEA00D9EE58 /* Build configuration list for PBXNativeTarget "TVBuildMonitorTests" */ = {
			isa = XCConfigurationList;
			buildConfigurations = (
				D80244DE1DD7BBEA00D9EE58 /* Debug */,
				D80244DF1DD7BBEA00D9EE58 /* Release */,
			);
			defaultConfigurationIsVisible = 0;
			defaultConfigurationName = Release;
		};
		D80244E01DD7BBEA00D9EE58 /* Build configuration list for PBXNativeTarget "TVBuildMonitorUITests" */ = {
			isa = XCConfigurationList;
			buildConfigurations = (
				D80244E11DD7BBEA00D9EE58 /* Debug */,
				D80244E21DD7BBEA00D9EE58 /* Release */,
			);
			defaultConfigurationIsVisible = 0;
			defaultConfigurationName = Release;
		};
/* End XCConfigurationList section */
	};
	rootObject = D80244AD1DD7BBEA00D9EE58 /* Project object */;
}
